PODS:
  - AJCountryPicker (1.0.0.1)
  - Alamofire (3.2.1)
  - CameraEngine (0.9.3)
  - CameraManager (2.1.3)
  - DatePickerDialog (1.1.4)
  - DKImagePickerController (3.3.4):
    - DKImagePickerController/Camera (= 3.3.4)
    - DKImagePickerController/ImageManager (= 3.3.4)
  - DKImagePickerController/Camera (3.3.4)
  - DKImagePickerController/ImageManager (3.3.4)
  - IQKeyboardManagerSwift (4.0.4)
  - KMPlaceholderTextView (1.2.2)
  - MBProgressHUD (1.0.0)
  - MICountryPicker (0.1.9)
  - ReachabilitySwift (2.3.3)
  - SDWebImage (3.8.1):
    - SDWebImage/Core (= 3.8.1)
  - SDWebImage/Core (3.8.1)
  - SeparatorCollectionViewFlowLayout (1.1.3):
    - SeparatorCollectionViewFlowLayout/Core (= 1.1.3)
  - SeparatorCollectionViewFlowLayout/Core (1.1.3):
    - UICollectionViewLeftAlignedLayout (~> 1.0.1)
  - SlideMenuControllerSwift (2.2.2)
  - SwiftyJSON (2.3.2)
  - TOCropViewController (2.0.7)
  - UICollectionViewLeftAlignedLayout (1.0.2)

DEPENDENCIES:
  - AJCountryPicker
  - Alamofire (~> 3.2.1)
  - CameraEngine
  - CameraManager (~> 2.1.3)
  - DatePickerDialog
  - DKImagePickerController
  - IQKeyboardManagerSwift
  - KMPlaceholderTextView
  - MBProgressHUD
  - MICountryPicker (from `https://github.com/mustafaibrahim989/MICountryPicker.git`, branch `swift-2`)
  - ReachabilitySwift
  - SDWebImage
  - SeparatorCollectionViewFlowLayout
  - SlideMenuControllerSwift
  - SwiftyJSON
  - TOCropViewController

EXTERNAL SOURCES:
  MICountryPicker:
    :branch: swift-2
    :git: https://github.com/mustafaibrahim989/MICountryPicker.git

CHECKOUT OPTIONS:
  MICountryPicker:
    :commit: 15029d2de6bb1e0eeb0c0e81e6184a47cfc75f85
    :git: https://github.com/mustafaibrahim989/MICountryPicker.git

SPEC CHECKSUMS:
  AJCountryPicker: bbaf251f92c0b50388f15a9e59111b73d6e26cce
  Alamofire: f11d8624a05f5d39e0c99309b3e600a3ba64298a
  CameraEngine: e24a801f76bfb2e5ff61b11592f82dfc1b4dafc9
  CameraManager: 67875cf06db6914548b28aa1af844ecd05a20c4d
  DatePickerDialog: f23eaadaba1177d7f60ad58a57f81071df856fc9
  DKImagePickerController: 4de1703ad3ba8bc216753447cbb00e482d8d4604
  IQKeyboardManagerSwift: e0964d04d6a29b71016fd346dca13ecb80a2823a
  KMPlaceholderTextView: bbff031935d84f7eedb585e7f77120020fbae9e8
  MBProgressHUD: 4890f671c94e8a0f3cf959aa731e9de2f036d71a
  MICountryPicker: f47166682439b5ef72e1e8e8340084d23e7bbe5b
  ReachabilitySwift: e0f6b6f280effb47731acfaaa2d5ffe223703793
  SDWebImage: 35f9627a3e44b4f292a8a8ce6a531fa488239b91
  SeparatorCollectionViewFlowLayout: 88aa7116a0e7e1299f5270857ff29307807ca0b6
  SlideMenuControllerSwift: e257221100c39d49edccaaeb0238b55a0c67953a
  SwiftyJSON: 04ccea08915aa0109039157c7974cf0298da292a
  TOCropViewController: cec24e4385929683b217d08bfdc8791975cddc04
  UICollectionViewLeftAlignedLayout: 830bf6fa5bab9f9b464f62e3384f9d2e00b3c0f6

PODFILE CHECKSUM: 8ba6c53946b31b793686aa13fef3d4cd8ba0686e

COCOAPODS: 1.2.1
